// !$*UTF8*$!
{
	archiveVersion = 1;
	classes = {
	};
	objectVersion = 56;
	objects = {

/* Begin PBXBuildFile section */
		2554ADFEFDD5C99E894E117C /* Pods_RxSwift1.framework in Frameworks */ = {isa = PBXBuildFile; fileRef = 57D1BF7B4BBD39475E0A18E3 /* Pods_RxSwift1.framework */; };
		80CE159E297A976C00893A2C /* PhotoCollectionViewController.swift in Sources */ = {isa = PBXBuildFile; fileRef = 80CE159D297A976C00893A2C /* PhotoCollectionViewController.swift */; };
		80CE15A1297A9E3300893A2C /* PhotoCollectionViewCell.swift in Sources */ = {isa = PBXBuildFile; fileRef = 80CE15A0297A9E3300893A2C /* PhotoCollectionViewCell.swift */; };
		80CE15A329876DB100893A2C /* FilterService.swift in Sources */ = {isa = PBXBuildFile; fileRef = 80CE15A229876DB100893A2C /* FilterService.swift */; };
		80CFF0A6297A8893007D069D /* AppDelegate.swift in Sources */ = {isa = PBXBuildFile; fileRef = 80CFF0A5297A8893007D069D /* AppDelegate.swift */; };
		80CFF0A8297A8893007D069D /* SceneDelegate.swift in Sources */ = {isa = PBXBuildFile; fileRef = 80CFF0A7297A8893007D069D /* SceneDelegate.swift */; };
		80CFF0AA297A8893007D069D /* ViewController.swift in Sources */ = {isa = PBXBuildFile; fileRef = 80CFF0A9297A8893007D069D /* ViewController.swift */; };
		80CFF0AD297A8893007D069D /* Main.storyboard in Resources */ = {isa = PBXBuildFile; fileRef = 80CFF0AB297A8893007D069D /* Main.storyboard */; };
		80CFF0AF297A8894007D069D /* Assets.xcassets in Resources */ = {isa = PBXBuildFile; fileRef = 80CFF0AE297A8894007D069D /* Assets.xcassets */; };
		80CFF0B2297A8894007D069D /* LaunchScreen.storyboard in Resources */ = {isa = PBXBuildFile; fileRef = 80CFF0B0297A8894007D069D /* LaunchScreen.storyboard */; };
/* End PBXBuildFile section */

/* Begin PBXFileReference section */
		402292C99EE51BF3778D9221 /* Pods-RxSwift1.debug.xcconfig */ = {isa = PBXFileReference; includeInIndex = 1; lastKnownFileType = text.xcconfig; name = "Pods-RxSwift1.debug.xcconfig"; path = "Target Support Files/Pods-RxSwift1/Pods-RxSwift1.debug.xcconfig"; sourceTree = "<group>"; };
		57D1BF7B4BBD39475E0A18E3 /* Pods_RxSwift1.framework */ = {isa = PBXFileReference; explicitFileType = wrapper.framework; includeInIndex = 0; path = Pods_RxSwift1.framework; sourceTree = BUILT_PRODUCTS_DIR; };
		80CE159D297A976C00893A2C /* PhotoCollectionViewController.swift */ = {isa = PBXFileReference; lastKnownFileType = sourcecode.swift; path = PhotoCollectionViewController.swift; sourceTree = "<group>"; };
		80CE15A0297A9E3300893A2C /* PhotoCollectionViewCell.swift */ = {isa = PBXFileReference; lastKnownFileType = sourcecode.swift; path = PhotoCollectionViewCell.swift; sourceTree = "<group>"; };
		80CE15A229876DB100893A2C /* FilterService.swift */ = {isa = PBXFileReference; lastKnownFileType = sourcecode.swift; path = FilterService.swift; sourceTree = "<group>"; };
		80CFF0A2297A8893007D069D /* RxSwift1.app */ = {isa = PBXFileReference; explicitFileType = wrapper.application; includeInIndex = 0; path = RxSwift1.app; sourceTree = BUILT_PRODUCTS_DIR; };
		80CFF0A5297A8893007D069D /* AppDelegate.swift */ = {isa = PBXFileReference; lastKnownFileType = sourcecode.swift; path = AppDelegate.swift; sourceTree = "<group>"; };
		80CFF0A7297A8893007D069D /* SceneDelegate.swift */ = {isa = PBXFileReference; lastKnownFileType = sourcecode.swift; path = SceneDelegate.swift; sourceTree = "<group>"; };
		80CFF0A9297A8893007D069D /* ViewController.swift */ = {isa = PBXFileReference; lastKnownFileType = sourcecode.swift; path = ViewController.swift; sourceTree = "<group>"; };
		80CFF0AC297A8893007D069D /* Base */ = {isa = PBXFileReference; lastKnownFileType = file.storyboard; name = Base; path = Base.lproj/Main.storyboard; sourceTree = "<group>"; };
		80CFF0AE297A8894007D069D /* Assets.xcassets */ = {isa = PBXFileReference; lastKnownFileType = folder.assetcatalog; path = Assets.xcassets; sourceTree = "<group>"; };
		80CFF0B1297A8894007D069D /* Base */ = {isa = PBXFileReference; lastKnownFileType = file.storyboard; name = Base; path = Base.lproj/LaunchScreen.storyboard; sourceTree = "<group>"; };
		80CFF0B3297A8894007D069D /* Info.plist */ = {isa = PBXFileReference; lastKnownFileType = text.plist.xml; path = Info.plist; sourceTree = "<group>"; };
		80CFF0B9297A8B71007D069D /* RxSwiftPlayground.playground */ = {isa = PBXFileReference; lastKnownFileType = file.playground; path = RxSwiftPlayground.playground; sourceTree = "<group>"; xcLanguageSpecificationIdentifier = xcode.lang.swift; };
		DEEF6B82E8D44B7FA1A203A2 /* Pods-RxSwift1.release.xcconfig */ = {isa = PBXFileReference; includeInIndex = 1; lastKnownFileType = text.xcconfig; name = "Pods-RxSwift1.release.xcconfig"; path = "Target Support Files/Pods-RxSwift1/Pods-RxSwift1.release.xcconfig"; sourceTree = "<group>"; };
/* End PBXFileReference section */

/* Begin PBXFrameworksBuildPhase section */
		80CFF09F297A8893007D069D /* Frameworks */ = {
			isa = PBXFrameworksBuildPhase;
			buildActionMask = 2147483647;
			files = (
				2554ADFEFDD5C99E894E117C /* Pods_RxSwift1.framework in Frameworks */,
			);
			runOnlyForDeploymentPostprocessing = 0;
		};
/* End PBXFrameworksBuildPhase section */

/* Begin PBXGroup section */
		727B33571ECB686709B0F659 /* Pods */ = {
			isa = PBXGroup;
			children = (
				402292C99EE51BF3778D9221 /* Pods-RxSwift1.debug.xcconfig */,
				DEEF6B82E8D44B7FA1A203A2 /* Pods-RxSwift1.release.xcconfig */,
			);
			path = Pods;
			sourceTree = "<group>";
		};
		80CFF099297A8892007D069D = {
			isa = PBXGroup;
			children = (
				80CFF0A4297A8893007D069D /* RxSwift1 */,
				80CFF0A3297A8893007D069D /* Products */,
				727B33571ECB686709B0F659 /* Pods */,
				FAC7243F90E4078B0CED6961 /* Frameworks */,
			);
			sourceTree = "<group>";
		};
		80CFF0A3297A8893007D069D /* Products */ = {
			isa = PBXGroup;
			children = (
				80CFF0A2297A8893007D069D /* RxSwift1.app */,
			);
			name = Products;
			sourceTree = "<group>";
		};
		80CFF0A4297A8893007D069D /* RxSwift1 */ = {
			isa = PBXGroup;
			children = (
				80CFF0B9297A8B71007D069D /* RxSwiftPlayground.playground */,
				80CFF0A5297A8893007D069D /* AppDelegate.swift */,
				80CFF0A7297A8893007D069D /* SceneDelegate.swift */,
				80CFF0A9297A8893007D069D /* ViewController.swift */,
				80CE159D297A976C00893A2C /* PhotoCollectionViewController.swift */,
				80CFF0AB297A8893007D069D /* Main.storyboard */,
				80CFF0AE297A8894007D069D /* Assets.xcassets */,
				80CFF0B0297A8894007D069D /* LaunchScreen.storyboard */,
				80CFF0B3297A8894007D069D /* Info.plist */,
				80CE15A0297A9E3300893A2C /* PhotoCollectionViewCell.swift */,
				80CE15A229876DB100893A2C /* FilterService.swift */,
			);
			path = RxSwift1;
			sourceTree = "<group>";
		};
		FAC7243F90E4078B0CED6961 /* Frameworks */ = {
			isa = PBXGroup;
			children = (
				57D1BF7B4BBD39475E0A18E3 /* Pods_RxSwift1.framework */,
			);
			name = Frameworks;
			sourceTree = "<group>";
		};
/* End PBXGroup section */

/* Begin PBXNativeTarget section */
		80CFF0A1297A8893007D069D /* RxSwift1 */ = {
			isa = PBXNativeTarget;
			buildConfigurationList = 80CFF0B6297A8894007D069D /* Build configuration list for PBXNativeTarget "RxSwift1" */;
			buildPhases = (
				81FE3BA2E7D34BAD260225C2 /* [CP] Check Pods Manifest.lock */,
				80CFF09E297A8893007D069D /* Sources */,
				80CFF09F297A8893007D069D /* Frameworks */,
				80CFF0A0297A8893007D069D /* Resources */,
				2E9B010401577BB69C4EDAB8 /* [CP] Embed Pods Frameworks */,
			);
			buildRules = (
			);
			dependencies = (
			);
			name = RxSwift1;
			productName = RxSwift1;
			productReference = 80CFF0A2297A8893007D069D /* RxSwift1.app */;
			productType = "com.apple.product-type.application";
		};
/* End PBXNativeTarget section */

/* Begin PBXProject section */
		80CFF09A297A8892007D069D /* Project object */ = {
			isa = PBXProject;
			attributes = {
				BuildIndependentTargetsInParallel = 1;
				LastSwiftUpdateCheck = 1410;
				LastUpgradeCheck = 1410;
				TargetAttributes = {
					80CFF0A1297A8893007D069D = {
						CreatedOnToolsVersion = 14.1;
					};
				};
			};
			buildConfigurationList = 80CFF09D297A8892007D069D /* Build configuration list for PBXProject "RxSwift1" */;
			compatibilityVersion = "Xcode 14.0";
			developmentRegion = en;
			hasScannedForEncodings = 0;
			knownRegions = (
				en,
				Base,
			);
			mainGroup = 80CFF099297A8892007D069D;
			productRefGroup = 80CFF0A3297A8893007D069D /* Products */;
			projectDirPath = "";
			projectRoot = "";
			targets = (
				80CFF0A1297A8893007D069D /* RxSwift1 */,
			);
		};
/* End PBXProject section */

/* Begin PBXResourcesBuildPhase section */
		80CFF0A0297A8893007D069D /* Resources */ = {
			isa = PBXResourcesBuildPhase;
			buildActionMask = 2147483647;
			files = (
				80CFF0B2297A8894007D069D /* LaunchScreen.storyboard in Resources */,
				80CFF0AF297A8894007D069D /* Assets.xcassets in Resources */,
				80CFF0AD297A8893007D069D /* Main.storyboard in Resources */,
			);
			runOnlyForDeploymentPostprocessing = 0;
		};
/* End PBXResourcesBuildPhase section */

/* Begin PBXShellScriptBuildPhase section */
		2E9B010401577BB69C4EDAB8 /* [CP] Embed Pods Frameworks */ = {
			isa = PBXShellScriptBuildPhase;
			buildActionMask = 2147483647;
			files = (
			);
			inputFileListPaths = (
				"${PODS_ROOT}/Target Support Files/Pods-RxSwift1/Pods-RxSwift1-frameworks-${CONFIGURATION}-input-files.xcfilelist",
			);
			name = "[CP] Embed Pods Frameworks";
			outputFileListPaths = (
				"${PODS_ROOT}/Target Support Files/Pods-RxSwift1/Pods-RxSwift1-frameworks-${CONFIGURATION}-output-files.xcfilelist",
			);
			runOnlyForDeploymentPostprocessing = 0;
			shellPath = /bin/sh;
			shellScript = "\"${PODS_ROOT}/Target Support Files/Pods-RxSwift1/Pods-RxSwift1-frameworks.sh\"\n";
			showEnvVarsInLog = 0;
		};
		81FE3BA2E7D34BAD260225C2 /* [CP] Check Pods Manifest.lock */ = {
			isa = PBXShellScriptBuildPhase;
			buildActionMask = 2147483647;
			files = (
			);
			inputFileListPaths = (
			);
			inputPaths = (
				"${PODS_PODFILE_DIR_PATH}/Podfile.lock",
				"${PODS_ROOT}/Manifest.lock",
			);
			name = "[CP] Check Pods Manifest.lock";
			outputFileListPaths = (
			);
			outputPaths = (
				"$(DERIVED_FILE_DIR)/Pods-RxSwift1-checkManifestLockResult.txt",
			);
			runOnlyForDeploymentPostprocessing = 0;
			shellPath = /bin/sh;
			shellScript = "diff \"${PODS_PODFILE_DIR_PATH}/Podfile.lock\" \"${PODS_ROOT}/Manifest.lock\" > /dev/null\nif [ $? != 0 ] ; then\n    # print error to STDERR\n    echo \"error: The sandbox is not in sync with the Podfile.lock. Run 'pod install' or update your CocoaPods installation.\" >&2\n    exit 1\nfi\n# This output is used by Xcode 'outputs' to avoid re-running this script phase.\necho \"SUCCESS\" > \"${SCRIPT_OUTPUT_FILE_0}\"\n";
			showEnvVarsInLog = 0;
		};
/* End PBXShellScriptBuildPhase section */

/* Begin PBXSourcesBuildPhase section */
		80CFF09E297A8893007D069D /* Sources */ = {
			isa = PBXSourcesBuildPhase;
			buildActionMask = 2147483647;
			files = (
				80CFF0AA297A8893007D069D /* ViewController.swift in Sources */,
				80CE15A1297A9E3300893A2C /* PhotoCollectionViewCell.swift in Sources */,
				80CFF0A6297A8893007D069D /* AppDelegate.swift in Sources */,
				80CE15A329876DB100893A2C /* FilterService.swift in Sources */,
				80CFF0A8297A8893007D069D /* SceneDelegate.swift in Sources */,
				80CE159E297A976C00893A2C /* PhotoCollectionViewController.swift in Sources */,
			);
			runOnlyForDeploymentPostprocessing = 0;
		};
/* End PBXSourcesBuildPhase section */

/* Begin PBXVariantGroup section */
		80CFF0AB297A8893007D069D /* Main.storyboard */ = {
			isa = PBXVariantGroup;
			children = (
				80CFF0AC297A8893007D069D /* Base */,
			);
			name = Main.storyboard;
			sourceTree = "<group>";
		};
		80CFF0B0297A8894007D069D /* LaunchScreen.storyboard */ = {
			isa = PBXVariantGroup;
			children = (
				80CFF0B1297A8894007D069D /* Base */,
			);
			name = LaunchScreen.storyboard;
			sourceTree = "<group>";
		};
/* End PBXVariantGroup section */

/* Begin XCBuildConfiguration section */
		80CFF0B4297A8894007D069D /* Debug */ = {
			isa = XCBuildConfiguration;
			buildSettings = {
				ALWAYS_SEARCH_USER_PATHS = NO;
				CLANG_ANALYZER_NONNULL = YES;
				CLANG_ANALYZER_NUMBER_OBJECT_CONVERSION = YES_AGGRESSIVE;
				CLANG_CXX_LANGUAGE_STANDARD = "gnu++20";
				CLANG_ENABLE_MODULES = YES;
				CLANG_ENABLE_OBJC_ARC = YES;
				CLANG_ENABLE_OBJC_WEAK = YES;
				CLANG_WARN_BLOCK_CAPTURE_AUTORELEASING = YES;
				CLANG_WARN_BOOL_CONVERSION = YES;
				CLANG_WARN_COMMA = YES;
				CLANG_WARN_CONSTANT_CONVERSION = YES;
				CLANG_WARN_DEPRECATED_OBJC_IMPLEMENTATIONS = YES;
				CLANG_WARN_DIRECT_OBJC_ISA_USAGE = YES_ERROR;
				CLANG_WARN_DOCUMENTATION_COMMENTS = YES;
				CLANG_WARN_EMPTY_BODY = YES;
				CLANG_WARN_ENUM_CONVERSION = YES;
				CLANG_WARN_INFINITE_RECURSION = YES;
				CLANG_WARN_INT_CONVERSION = YES;
				CLANG_WARN_NON_LITERAL_NULL_CONVERSION = YES;
				CLANG_WARN_OBJC_IMPLICIT_RETAIN_SELF = YES;
				CLANG_WARN_OBJC_LITERAL_CONVERSION = YES;
				CLANG_WARN_OBJC_ROOT_CLASS = YES_ERROR;
				CLANG_WARN_QUOTED_INCLUDE_IN_FRAMEWORK_HEADER = YES;
				CLANG_WARN_RANGE_LOOP_ANALYSIS = YES;
				CLANG_WARN_STRICT_PROTOTYPES = YES;
				CLANG_WARN_SUSPICIOUS_MOVE = YES;
				CLANG_WARN_UNGUARDED_AVAILABILITY = YES_AGGRESSIVE;
				CLANG_WARN_UNREACHABLE_CODE = YES;
				CLANG_WARN__DUPLICATE_METHOD_MATCH = YES;
				COPY_PHASE_STRIP = NO;
				DEBUG_INFORMATION_FORMAT = dwarf;
				ENABLE_STRICT_OBJC_MSGSEND = YES;
				ENABLE_TESTABILITY = YES;
				GCC_C_LANGUAGE_STANDARD = gnu11;
				GCC_DYNAMIC_NO_PIC = NO;
				GCC_NO_COMMON_BLOCKS = YES;
				GCC_OPTIMIZATION_LEVEL = 0;
				GCC_PREPROCESSOR_DEFINITIONS = (
					"DEBUG=1",
					"$(inherited)",
				);
				GCC_WARN_64_TO_32_BIT_CONVERSION = YES;
				GCC_WARN_ABOUT_RETURN_TYPE = YES_ERROR;
				GCC_WARN_UNDECLARED_SELECTOR = YES;
				GCC_WARN_UNINITIALIZED_AUTOS = YES_AGGRESSIVE;
				GCC_WARN_UNUSED_FUNCTION = YES;
				GCC_WARN_UNUSED_VARIABLE = YES;
				IPHONEOS_DEPLOYMENT_TARGET = 16.1;
				MTL_ENABLE_DEBUG_INFO = INCLUDE_SOURCE;
				MTL_FAST_MATH = YES;
				ONLY_ACTIVE_ARCH = YES;
				SDKROOT = iphoneos;
				SWIFT_ACTIVE_COMPILATION_CONDITIONS = DEBUG;
				SWIFT_OPTIMIZATION_LEVEL = "-Onone";
			};
			name = Debug;
		};
		80CFF0B5297A8894007D069D /* Release */ = {
			isa = XCBuildConfiguration;
			buildSettings = {
				ALWAYS_SEARCH_USER_PATHS = NO;
				CLANG_ANALYZER_NONNULL = YES;
				CLANG_ANALYZER_NUMBER_OBJECT_CONVERSION = YES_AGGRESSIVE;
				CLANG_CXX_LANGUAGE_STANDARD = "gnu++20";
				CLANG_ENABLE_MODULES = YES;
				CLANG_ENABLE_OBJC_ARC = YES;
				CLANG_ENABLE_OBJC_WEAK = YES;
				CLANG_WARN_BLOCK_CAPTURE_AUTORELEASING = YES;
				CLANG_WARN_BOOL_CONVERSION = YES;
				CLANG_WARN_COMMA = YES;
				CLANG_WARN_CONSTANT_CONVERSION = YES;
				CLANG_WARN_DEPRECATED_OBJC_IMPLEMENTATIONS = YES;
				CLANG_WARN_DIRECT_OBJC_ISA_USAGE = YES_ERROR;
				CLANG_WARN_DOCUMENTATION_COMMENTS = YES;
				CLANG_WARN_EMPTY_BODY = YES;
				CLANG_WARN_ENUM_CONVERSION = YES;
				CLANG_WARN_INFINITE_RECURSION = YES;
				CLANG_WARN_INT_CONVERSION = YES;
				CLANG_WARN_NON_LITERAL_NULL_CONVERSION = YES;
				CLANG_WARN_OBJC_IMPLICIT_RETAIN_SELF = YES;
				CLANG_WARN_OBJC_LITERAL_CONVERSION = YES;
				CLANG_WARN_OBJC_ROOT_CLASS = YES_ERROR;
				CLANG_WARN_QUOTED_INCLUDE_IN_FRAMEWORK_HEADER = YES;
				CLANG_WARN_RANGE_LOOP_ANALYSIS = YES;
				CLANG_WARN_STRICT_PROTOTYPES = YES;
				CLANG_WARN_SUSPICIOUS_MOVE = YES;
				CLANG_WARN_UNGUARDED_AVAILABILITY = YES_AGGRESSIVE;
				CLANG_WARN_UNREACHABLE_CODE = YES;
				CLANG_WARN__DUPLICATE_METHOD_MATCH = YES;
				COPY_PHASE_STRIP = NO;
				DEBUG_INFORMATION_FORMAT = "dwarf-with-dsym";
				ENABLE_NS_ASSERTIONS = NO;
				ENABLE_STRICT_OBJC_MSGSEND = YES;
				GCC_C_LANGUAGE_STANDARD = gnu11;
				GCC_NO_COMMON_BLOCKS = YES;
				GCC_WARN_64_TO_32_BIT_CONVERSION = YES;
				GCC_WARN_ABOUT_RETURN_TYPE = YES_ERROR;
				GCC_WARN_UNDECLARED_SELECTOR = YES;
				GCC_WARN_UNINITIALIZED_AUTOS = YES_AGGRESSIVE;
				GCC_WARN_UNUSED_FUNCTION = YES;
				GCC_WARN_UNUSED_VARIABLE = YES;
				IPHONEOS_DEPLOYMENT_TARGET = 16.1;
				MTL_ENABLE_DEBUG_INFO = NO;
				MTL_FAST_MATH = YES;
				SDKROOT = iphoneos;
				SWIFT_COMPILATION_MODE = wholemodule;
				SWIFT_OPTIMIZATION_LEVEL = "-O";
				VALIDATE_PRODUCT = YES;
			};
			name = Release;
		};
		80CFF0B7297A8894007D069D /* Debug */ = {
			isa = XCBuildConfiguration;
			baseConfigurationReference = 402292C99EE51BF3778D9221 /* Pods-RxSwift1.debug.xcconfig */;
			buildSettings = {
				ASSETCATALOG_COMPILER_APPICON_NAME = AppIcon;
				ASSETCATALOG_COMPILER_GLOBAL_ACCENT_COLOR_NAME = AccentColor;
				CODE_SIGN_STYLE = Automatic;
				CURRENT_PROJECT_VERSION = 1;
				DEVELOPMENT_TEAM = F5D2979ZRD;
				GENERATE_INFOPLIST_FILE = YES;
				INFOPLIST_FILE = RxSwift1/Info.plist;
				INFOPLIST_KEY_UIApplicationSupportsIndirectInputEvents = YES;
				INFOPLIST_KEY_UILaunchStoryboardName = LaunchScreen;
				INFOPLIST_KEY_UIMainStoryboardFile = Main;
				INFOPLIST_KEY_UISupportedInterfaceOrientations_iPad = "UIInterfaceOrientationPortrait UIInterfaceOrientationPortraitUpsideDown UIInterfaceOrientationLandscapeLeft UIInterfaceOrientationLandscapeRight";
				INFOPLIST_KEY_UISupportedInterfaceOrientations_iPhone = "UIInterfaceOrientationPortrait UIInterfaceOrientationLandscapeLeft UIInterfaceOrientationLandscapeRight";
				LD_RUNPATH_SEARCH_PATHS = (
					"$(inherited)",
					"@executable_path/Frameworks",
				);
				MARKETING_VERSION = 1.0;
				PRODUCT_BUNDLE_IDENTIFIER = academy.credo.RxSwift1;
				PRODUCT_NAME = "$(TARGET_NAME)";
				SWIFT_EMIT_LOC_STRINGS = YES;
				SWIFT_VERSION = 5.0;
				TARGETED_DEVICE_FAMILY = "1,2";
			};
			name = Debug;
		};
		80CFF0B8297A8894007D069D /* Release */ = {
			isa = XCBuildConfiguration;
			baseConfigurationReference = DEEF6B82E8D44B7FA1A203A2 /* Pods-RxSwift1.release.xcconfig */;
			buildSettings = {
				ASSETCATALOG_COMPILER_APPICON_NAME = AppIcon;
				ASSETCATALOG_COMPILER_GLOBAL_ACCENT_COLOR_NAME = AccentColor;
				CODE_SIGN_STYLE = Automatic;
				CURRENT_PROJECT_VERSION = 1;
				DEVELOPMENT_TEAM = F5D2979ZRD;
				GENERATE_INFOPLIST_FILE = YES;
				INFOPLIST_FILE = RxSwift1/Info.plist;
				INFOPLIST_KEY_UIApplicationSupportsIndirectInputEvents = YES;
				INFOPLIST_KEY_UILaunchStoryboardName = LaunchScreen;
				INFOPLIST_KEY_UIMainStoryboardFile = Main;
				INFOPLIST_KEY_UISupportedInterfaceOrientations_iPad = "UIInterfaceOrientationPortrait UIInterfaceOrientationPortraitUpsideDown UIInterfaceOrientationLandscapeLeft UIInterfaceOrientationLandscapeRight";
				INFOPLIST_KEY_UISupportedInterfaceOrientations_iPhone = "UIInterfaceOrientationPortrait UIInterfaceOrientationLandscapeLeft UIInterfaceOrientationLandscapeRight";
				LD_RUNPATH_SEARCH_PATHS = (
					"$(inherited)",
					"@executable_path/Frameworks",
				);
				MARKETING_VERSION = 1.0;
				PRODUCT_BUNDLE_IDENTIFIER = academy.credo.RxSwift1;
				PRODUCT_NAME = "$(TARGET_NAME)";
				SWIFT_EMIT_LOC_STRINGS = YES;
				SWIFT_VERSION = 5.0;
				TARGETED_DEVICE_FAMILY = "1,2";
			};
			name = Release;
		};
/* End XCBuildConfiguration section */

/* Begin XCConfigurationList section */
		80CFF09D297A8892007D069D /* Build configuration list for PBXProject "RxSwift1" */ = {
			isa = XCConfigurationList;
			buildConfigurations = (
				80CFF0B4297A8894007D069D /* Debug */,
				80CFF0B5297A8894007D069D /* Release */,
			);
			defaultConfigurationIsVisible = 0;
			defaultConfigurationName = Release;
		};
		80CFF0B6297A8894007D069D /* Build configuration list for PBXNativeTarget "RxSwift1" */ = {
			isa = XCConfigurationList;
			buildConfigurations = (
				80CFF0B7297A8894007D069D /* Debug */,
				80CFF0B8297A8894007D069D /* Release */,
			);
			defaultConfigurationIsVisible = 0;
			defaultConfigurationName = Release;
		};
/* End XCConfigurationList section */
	};
	rootObject = 80CFF09A297A8892007D069D /* Project object */;
}
